
Microsoft Visual Studio Solution File, Format Version 12.00
# Visual Studio Version 17
VisualStudioVersion = 17.0.32126.317
MinimumVisualStudioVersion = 10.0.40219.1
Project("{FAE04EC0-301F-11D3-BF4B-00C04F79EFBC}") = "PersonGenerator", "PersonGenerator\PersonGenerator.csproj", "{CA71C0E3-78D6-4B5F-8739-EC47E06F399A}"
EndProject
Global
	GlobalSection(SolutionConfigurationPlatforms) = preSolution
		Debug|Any CPU = Debug|Any CPU
		Release|Any CPU = Release|Any CPU
	EndGlobalSection
	GlobalSection(ProjectConfigurationPlatforms) = postSolution
		{CA71C0E3-78D6-4B5F-8739-EC47E06F399A}.Debug|Any CPU.ActiveCfg = Debug|Any CPU
		{CA71C0E3-78D6-4B5F-8739-EC47E06F399A}.Debug|Any CPU.Build.0 = Debug|Any CPU
		{CA71C0E3-78D6-4B5F-8739-EC47E06F399A}.Release|Any CPU.ActiveCfg = Release|Any CPU
		{CA71C0E3-78D6-4B5F-8739-EC47E06F399A}.Release|Any CPU.Build.0 = Release|Any CPU
	EndGlobalSection
	GlobalSection(SolutionProperties) = preSolution
		HideSolutionNode = FALSE
	EndGlobalSection
	GlobalSection(ExtensibilityGlobals) = postSolution
		SolutionGuid = {0169E38E-5F5E-43B1-AC9C-AC3F5DA820B0}
	EndGlobalSection
EndGlobal
